
Microsoft Visual Studio Solution File, Format Version 12.00
# Visual Studio Version 16
VisualStudioVersion = 16.0.30309.148
MinimumVisualStudioVersion = 10.0.40219.1
Project("{FAE04EC0-301F-11D3-BF4B-00C04F79EFBC}") = "EasyUI.WPF", "EasyUI.WPF\EasyUI.WPF.csproj", "{4E31F963-3425-4D26-9F36-91DC7AD45D54}"
EndProject
Project("{FAE04EC0-301F-11D3-BF4B-00C04F79EFBC}") = "EasyUI.WPF.Test", "EasyUI.WPF.Test\EasyUI.WPF.Test.csproj", "{43F4A775-AC35-4C09-9685-15DA4657FC51}"
EndProject
Global
	GlobalSection(SolutionConfigurationPlatforms) = preSolution
		Debug|Any CPU = Debug|Any CPU
		Release|Any CPU = Release|Any CPU
	EndGlobalSection
	GlobalSection(ProjectConfigurationPlatforms) = postSolution
		{4E31F963-3425-4D26-9F36-91DC7AD45D54}.Debug|Any CPU.ActiveCfg = Debug|Any CPU
		{4E31F963-3425-4D26-9F36-91DC7AD45D54}.Debug|Any CPU.Build.0 = Debug|Any CPU
		{4E31F963-3425-4D26-9F36-91DC7AD45D54}.Release|Any CPU.ActiveCfg = Release|Any CPU
		{4E31F963-3425-4D26-9F36-91DC7AD45D54}.Release|Any CPU.Build.0 = Release|Any CPU
		{43F4A775-AC35-4C09-9685-15DA4657FC51}.Debug|Any CPU.ActiveCfg = Debug|Any CPU
		{43F4A775-AC35-4C09-9685-15DA4657FC51}.Debug|Any CPU.Build.0 = Debug|Any CPU
		{43F4A775-AC35-4C09-9685-15DA4657FC51}.Release|Any CPU.ActiveCfg = Release|Any CPU
		{43F4A775-AC35-4C09-9685-15DA4657FC51}.Release|Any CPU.Build.0 = Release|Any CPU
	EndGlobalSection
	GlobalSection(SolutionProperties) = preSolution
		HideSolutionNode = FALSE
	EndGlobalSection
	GlobalSection(ExtensibilityGlobals) = postSolution
		SolutionGuid = {DCEE8AA3-A4F8-4005-9772-8E63AAED45E6}
	EndGlobalSection
EndGlobal
